<?xml version="1.0" encoding="utf-8"?>
<Project ToolsVersion="4.0" xmlns="http://schemas.microsoft.com/developer/msbuild/2003">
  <ItemGroup>
    <ClCompile Include="DDSTextureLoader.cpp" />
    <ClCompile Include="main.cpp" />
    <ClCompile Include="DrawableGameObject.cpp" />
    <ClCompile Include="d_Mesh.cpp" />
    <ClCompile Include="d_Cube.cpp" />
    <ClCompile Include="d_Grid.cpp" />
    <ClCompile Include="d_Block.cpp" />
  </ItemGroup>
  <ItemGroup>
    <Filter Include="Shaders">
      <UniqueIdentifier>{7223e20c-1371-49bb-97d0-8117b6b97369}</UniqueIdentifier>
    </Filter>
    <Filter Include="Resource Files">
      <UniqueIdentifier>{5c65bb77-486a-4c4e-a1b8-db822f520520}</UniqueIdentifier>
    </Filter>
  </ItemGroup>
  <ItemGroup>
    <CLInclude Include="resource.h">
      <Filter>Resource Files</Filter>
    </CLInclude>
    <ClInclude Include="DDSTextureLoader.h" />
    <ClInclude Include="main.h" />
    <ClInclude Include="DrawableGameObject.h" />
    <ClInclude Include="structures.h" />
    <ClInclude Include="d_Mesh.h" />
    <ClInclude Include="d_Cube.h" />
    <ClInclude Include="d_Grid.h" />
    <ClInclude Include="d_Block.h" />
    <ClInclude Include="d_Chunk.h" />
  </ItemGroup>
  <ItemGroup>
    <ResourceCompile Include="Tutorial01.rc">
      <Filter>Resource Files</Filter>
    </ResourceCompile>
  </ItemGroup>
  <ItemGroup>
    <Image Include="Resources\stone.dds">
      <Filter>Resource Files</Filter>
    </Image>
  </ItemGroup>
  <ItemGroup>
    <FxCompile Include="shader.fx">
      <Filter>Shaders</Filter>
    </FxCompile>
  </ItemGroup>
</Project>